
Microsoft Visual Studio Solution File, Format Version 12.00
# Visual Studio 14
VisualStudioVersion = 14.0.25123.0
MinimumVisualStudioVersion = 10.0.40219.1
Project("{FAE04EC0-301F-11D3-BF4B-00C04F79EFBC}") = "db-resyncer", "db-resyncer\db-resyncer.csproj", "{8635F9D4-5D41-4C7F-A81F-AAAFBF502101}"
EndProject
Global
	GlobalSection(SolutionConfigurationPlatforms) = preSolution
		Debug|Any CPU = Debug|Any CPU
		Release|Any CPU = Release|Any CPU
	EndGlobalSection
	GlobalSection(ProjectConfigurationPlatforms) = postSolution
		{8635F9D4-5D41-4C7F-A81F-AAAFBF502101}.Debug|Any CPU.ActiveCfg = Debug|Any CPU
		{8635F9D4-5D41-4C7F-A81F-AAAFBF502101}.Debug|Any CPU.Build.0 = Debug|Any CPU
		{8635F9D4-5D41-4C7F-A81F-AAAFBF502101}.Release|Any CPU.ActiveCfg = Release|Any CPU
		{8635F9D4-5D41-4C7F-A81F-AAAFBF502101}.Release|Any CPU.Build.0 = Release|Any CPU
	EndGlobalSection
	GlobalSection(SolutionProperties) = preSolution
		HideSolutionNode = FALSE
	EndGlobalSection
EndGlobal
